
Microsoft Visual Studio Solution File, Format Version 12.00
# Visual Studio Version 17
VisualStudioVersion = 17.0.31903.59
MinimumVisualStudioVersion = 10.0.40219.1
Project("{FAE04EC0-301F-11D3-BF4B-00C04F79EFBC}") = "SegmentedDisplayGenerator.Core", "SegmentedDisplayGenerator.Core\SegmentedDisplayGenerator.Core.csproj", "{A150AB5A-F1C6-49A0-92E1-B2EE915EDCC4}"
EndProject
Project("{FAE04EC0-301F-11D3-BF4B-00C04F79EFBC}") = "SegmentedDisplayGenerator.Console", "SegmentedDisplayGenerator.Console\SegmentedDisplayGenerator.Console.csproj", "{7AC0C169-850D-4BBB-BC4F-5CFB3CEAEB77}"
EndProject
Global
	GlobalSection(SolutionConfigurationPlatforms) = preSolution
		Debug|Any CPU = Debug|Any CPU
		Release|Any CPU = Release|Any CPU
	EndGlobalSection
	GlobalSection(SolutionProperties) = preSolution
		HideSolutionNode = FALSE
	EndGlobalSection
	GlobalSection(ProjectConfigurationPlatforms) = postSolution
		{A150AB5A-F1C6-49A0-92E1-B2EE915EDCC4}.Debug|Any CPU.ActiveCfg = Debug|Any CPU
		{A150AB5A-F1C6-49A0-92E1-B2EE915EDCC4}.Debug|Any CPU.Build.0 = Debug|Any CPU
		{A150AB5A-F1C6-49A0-92E1-B2EE915EDCC4}.Release|Any CPU.ActiveCfg = Release|Any CPU
		{A150AB5A-F1C6-49A0-92E1-B2EE915EDCC4}.Release|Any CPU.Build.0 = Release|Any CPU
		{7AC0C169-850D-4BBB-BC4F-5CFB3CEAEB77}.Debug|Any CPU.ActiveCfg = Debug|Any CPU
		{7AC0C169-850D-4BBB-BC4F-5CFB3CEAEB77}.Debug|Any CPU.Build.0 = Debug|Any CPU
		{7AC0C169-850D-4BBB-BC4F-5CFB3CEAEB77}.Release|Any CPU.ActiveCfg = Release|Any CPU
		{7AC0C169-850D-4BBB-BC4F-5CFB3CEAEB77}.Release|Any CPU.Build.0 = Release|Any CPU
	EndGlobalSection
EndGlobal
